// !$*UTF8*$!
{
	archiveVersion = 1;
	classes = {
	};
	objectVersion = 46;
	objects = {

/* Begin PBXBuildFile section */
		034D858C1B64DF4D00D2EF6B /* ConfigureSheet.xib in Resources */ = {isa = PBXBuildFile; fileRef = 034D858B1B64DF4D00D2EF6B /* ConfigureSheet.xib */; };
		034D85901B64F0AD00D2EF6B /* ConfigureSheetController.swift in Sources */ = {isa = PBXBuildFile; fileRef = 034D858F1B64F0AD00D2EF6B /* ConfigureSheetController.swift */; };
		038330F71B6564C50015B15F /* DefaultsManager.swift in Sources */ = {isa = PBXBuildFile; fileRef = 038330F61B6564C50015B15F /* DefaultsManager.swift */; };
		03A485271B644187008A2D6A /* SwiftCircleView.swift in Sources */ = {isa = PBXBuildFile; fileRef = 03A485261B644187008A2D6A /* SwiftCircleView.swift */; };
		03F9545E1B695E0A00E47ED7 /* thumbnail.png in Resources */ = {isa = PBXBuildFile; fileRef = 03F9545D1B695E0A00E47ED7 /* thumbnail.png */; };
/* End PBXBuildFile section */

/* Begin PBXFileReference section */
		034D858B1B64DF4D00D2EF6B /* ConfigureSheet.xib */ = {isa = PBXFileReference; fileEncoding = 4; lastKnownFileType = file.xib; path = ConfigureSheet.xib; sourceTree = "<group>"; };
		034D858F1B64F0AD00D2EF6B /* ConfigureSheetController.swift */ = {isa = PBXFileReference; fileEncoding = 4; lastKnownFileType = sourcecode.swift; path = ConfigureSheetController.swift; sourceTree = "<group>"; };
		038330F61B6564C50015B15F /* DefaultsManager.swift */ = {isa = PBXFileReference; fileEncoding = 4; lastKnownFileType = sourcecode.swift; path = DefaultsManager.swift; sourceTree = "<group>"; };
		03A485181B644145008A2D6A /* SwiftCircle.saver */ = {isa = PBXFileReference; explicitFileType = wrapper.cfbundle; includeInIndex = 0; path = SwiftCircle.saver; sourceTree = BUILT_PRODUCTS_DIR; };
		03A4851C1B644145008A2D6A /* Info.plist */ = {isa = PBXFileReference; lastKnownFileType = text.plist.xml; path = Info.plist; sourceTree = "<group>"; };
		03A485261B644187008A2D6A /* SwiftCircleView.swift */ = {isa = PBXFileReference; fileEncoding = 4; lastKnownFileType = sourcecode.swift; path = SwiftCircleView.swift; sourceTree = "<group>"; };
		03F9545D1B695E0A00E47ED7 /* thumbnail.png */ = {isa = PBXFileReference; lastKnownFileType = image.png; path = thumbnail.png; sourceTree = "<group>"; };
/* End PBXFileReference section */

/* Begin PBXFrameworksBuildPhase section */
		03A485141B644145008A2D6A /* Frameworks */ = {
			isa = PBXFrameworksBuildPhase;
			buildActionMask = 2147483647;
			files = (
			);
			runOnlyForDeploymentPostprocessing = 0;
		};
/* End PBXFrameworksBuildPhase section */

/* Begin PBXGroup section */
		03A4850E1B644145008A2D6A = {
			isa = PBXGroup;
			children = (
				03A4851A1B644145008A2D6A /* SwiftCircle */,
				03A485191B644145008A2D6A /* Products */,
			);
			sourceTree = "<group>";
		};
		03A485191B644145008A2D6A /* Products */ = {
			isa = PBXGroup;
			children = (
				03A485181B644145008A2D6A /* SwiftCircle.saver */,
			);
			name = Products;
			sourceTree = "<group>";
		};
		03A4851A1B644145008A2D6A /* SwiftCircle */ = {
			isa = PBXGroup;
			children = (
				03A485261B644187008A2D6A /* SwiftCircleView.swift */,
				034D858F1B64F0AD00D2EF6B /* ConfigureSheetController.swift */,
				034D858B1B64DF4D00D2EF6B /* ConfigureSheet.xib */,
				038330F61B6564C50015B15F /* DefaultsManager.swift */,
				03A4851B1B644145008A2D6A /* Supporting Files */,
			);
			path = SwiftCircle;
			sourceTree = "<group>";
		};
		03A4851B1B644145008A2D6A /* Supporting Files */ = {
			isa = PBXGroup;
			children = (
				03F9545D1B695E0A00E47ED7 /* thumbnail.png */,
				03A4851C1B644145008A2D6A /* Info.plist */,
			);
			name = "Supporting Files";
			sourceTree = "<group>";
		};
/* End PBXGroup section */

/* Begin PBXHeadersBuildPhase section */
		03A485151B644145008A2D6A /* Headers */ = {
			isa = PBXHeadersBuildPhase;
			buildActionMask = 2147483647;
			files = (
			);
			runOnlyForDeploymentPostprocessing = 0;
		};
/* End PBXHeadersBuildPhase section */

/* Begin PBXNativeTarget section */
		03A485171B644145008A2D6A /* SwiftCircle */ = {
			isa = PBXNativeTarget;
			buildConfigurationList = 03A485231B644145008A2D6A /* Build configuration list for PBXNativeTarget "SwiftCircle" */;
			buildPhases = (
				03A485131B644145008A2D6A /* Sources */,
				03A485141B644145008A2D6A /* Frameworks */,
				03A485151B644145008A2D6A /* Headers */,
				03A485161B644145008A2D6A /* Resources */,
			);
			buildRules = (
			);
			dependencies = (
			);
			name = SwiftCircle;
			productName = SwiftCircle;
			productReference = 03A485181B644145008A2D6A /* SwiftCircle.saver */;
			productType = "com.apple.product-type.bundle";
		};
/* End PBXNativeTarget section */

/* Begin PBXProject section */
		03A4850F1B644145008A2D6A /* Project object */ = {
			isa = PBXProject;
			attributes = {
				LastUpgradeCheck = 0620;
				ORGANIZATIONNAME = "Mulle Kybernetik";
				TargetAttributes = {
					03A485171B644145008A2D6A = {
						CreatedOnToolsVersion = 6.2;
					};
				};
			};
			buildConfigurationList = 03A485121B644145008A2D6A /* Build configuration list for PBXProject "SwiftCircle" */;
			compatibilityVersion = "Xcode 3.2";
			developmentRegion = English;
			hasScannedForEncodings = 0;
			knownRegions = (
				en,
			);
			mainGroup = 03A4850E1B644145008A2D6A;
			productRefGroup = 03A485191B644145008A2D6A /* Products */;
			projectDirPath = "";
			projectRoot = "";
			targets = (
				03A485171B644145008A2D6A /* SwiftCircle */,
			);
		};
/* End PBXProject section */

/* Begin PBXResourcesBuildPhase section */
		03A485161B644145008A2D6A /* Resources */ = {
			isa = PBXResourcesBuildPhase;
			buildActionMask = 2147483647;
			files = (
				034D858C1B64DF4D00D2EF6B /* ConfigureSheet.xib in Resources */,
				03F9545E1B695E0A00E47ED7 /* thumbnail.png in Resources */,
			);
			runOnlyForDeploymentPostprocessing = 0;
		};
/* End PBXResourcesBuildPhase section */

/* Begin PBXSourcesBuildPhase section */
		03A485131B644145008A2D6A /* Sources */ = {
			isa = PBXSourcesBuildPhase;
			buildActionMask = 2147483647;
			files = (
				03A485271B644187008A2D6A /* SwiftCircleView.swift in Sources */,
				038330F71B6564C50015B15F /* DefaultsManager.swift in Sources */,
				034D85901B64F0AD00D2EF6B /* ConfigureSheetController.swift in Sources */,
			);
			runOnlyForDeploymentPostprocessing = 0;
		};
/* End PBXSourcesBuildPhase section */

/* Begin XCBuildConfiguration section */
		03A485211B644145008A2D6A /* Debug */ = {
			isa = XCBuildConfiguration;
			buildSettings = {
				ALWAYS_SEARCH_USER_PATHS = NO;
				CLANG_CXX_LANGUAGE_STANDARD = "gnu++0x";
				CLANG_CXX_LIBRARY = "libc++";
				CLANG_ENABLE_MODULES = YES;
				CLANG_ENABLE_OBJC_ARC = YES;
				CLANG_WARN_BOOL_CONVERSION = YES;
				CLANG_WARN_CONSTANT_CONVERSION = YES;
				CLANG_WARN_DIRECT_OBJC_ISA_USAGE = YES_ERROR;
				CLANG_WARN_EMPTY_BODY = YES;
				CLANG_WARN_ENUM_CONVERSION = YES;
				CLANG_WARN_INT_CONVERSION = YES;
				CLANG_WARN_OBJC_ROOT_CLASS = YES_ERROR;
				CLANG_WARN_UNREACHABLE_CODE = YES;
				CLANG_WARN__DUPLICATE_METHOD_MATCH = YES;
				COPY_PHASE_STRIP = NO;
				ENABLE_STRICT_OBJC_MSGSEND = YES;
				GCC_C_LANGUAGE_STANDARD = gnu99;
				GCC_DYNAMIC_NO_PIC = NO;
				GCC_OPTIMIZATION_LEVEL = 0;
				GCC_PREPROCESSOR_DEFINITIONS = (
					"DEBUG=1",
					"$(inherited)",
				);
				GCC_SYMBOLS_PRIVATE_EXTERN = NO;
				GCC_WARN_64_TO_32_BIT_CONVERSION = YES;
				GCC_WARN_ABOUT_RETURN_TYPE = YES_ERROR;
				GCC_WARN_UNDECLARED_SELECTOR = YES;
				GCC_WARN_UNINITIALIZED_AUTOS = YES_AGGRESSIVE;
				GCC_WARN_UNUSED_FUNCTION = YES;
				GCC_WARN_UNUSED_VARIABLE = YES;
				MACOSX_DEPLOYMENT_TARGET = 10.9;
				MTL_ENABLE_DEBUG_INFO = YES;
				ONLY_ACTIVE_ARCH = YES;
				SDKROOT = macosx;
			};
			name = Debug;
		};
		03A485221B644145008A2D6A /* Release */ = {
			isa = XCBuildConfiguration;
			buildSettings = {
				ALWAYS_SEARCH_USER_PATHS = NO;
				CLANG_CXX_LANGUAGE_STANDARD = "gnu++0x";
				CLANG_CXX_LIBRARY = "libc++";
				CLANG_ENABLE_MODULES = YES;
				CLANG_ENABLE_OBJC_ARC = YES;
				CLANG_WARN_BOOL_CONVERSION = YES;
				CLANG_WARN_CONSTANT_CONVERSION = YES;
				CLANG_WARN_DIRECT_OBJC_ISA_USAGE = YES_ERROR;
				CLANG_WARN_EMPTY_BODY = YES;
				CLANG_WARN_ENUM_CONVERSION = YES;
				CLANG_WARN_INT_CONVERSION = YES;
				CLANG_WARN_OBJC_ROOT_CLASS = YES_ERROR;
				CLANG_WARN_UNREACHABLE_CODE = YES;
				CLANG_WARN__DUPLICATE_METHOD_MATCH = YES;
				COPY_PHASE_STRIP = NO;
				DEBUG_INFORMATION_FORMAT = "dwarf-with-dsym";
				ENABLE_NS_ASSERTIONS = NO;
				ENABLE_STRICT_OBJC_MSGSEND = YES;
				GCC_C_LANGUAGE_STANDARD = gnu99;
				GCC_WARN_64_TO_32_BIT_CONVERSION = YES;
				GCC_WARN_ABOUT_RETURN_TYPE = YES_ERROR;
				GCC_WARN_UNDECLARED_SELECTOR = YES;
				GCC_WARN_UNINITIALIZED_AUTOS = YES_AGGRESSIVE;
				GCC_WARN_UNUSED_FUNCTION = YES;
				GCC_WARN_UNUSED_VARIABLE = YES;
				MACOSX_DEPLOYMENT_TARGET = 10.9;
				MTL_ENABLE_DEBUG_INFO = NO;
				SDKROOT = macosx;
			};
			name = Release;
		};
		03A485241B644145008A2D6A /* Debug */ = {
			isa = XCBuildConfiguration;
			buildSettings = {
				CLANG_ENABLE_MODULES = YES;
				COMBINE_HIDPI_IMAGES = YES;
				EMBEDDED_CONTENT_CONTAINS_SWIFT = YES;
				INFOPLIST_FILE = SwiftCircle/Info.plist;
				INSTALL_PATH = "$(HOME)/Library/Screen Savers";
				LD_RUNPATH_SEARCH_PATHS = "$(inherited) @executable_path/../Frameworks @loader_path/../Frameworks";
				PRODUCT_NAME = "$(TARGET_NAME)";
				SWIFT_OPTIMIZATION_LEVEL = "-Onone";
				WRAPPER_EXTENSION = saver;
			};
			name = Debug;
		};
		03A485251B644145008A2D6A /* Release */ = {
			isa = XCBuildConfiguration;
			buildSettings = {
				CLANG_ENABLE_MODULES = YES;
				COMBINE_HIDPI_IMAGES = YES;
				EMBEDDED_CONTENT_CONTAINS_SWIFT = YES;
				INFOPLIST_FILE = SwiftCircle/Info.plist;
				INSTALL_PATH = "$(HOME)/Library/Screen Savers";
				LD_RUNPATH_SEARCH_PATHS = "$(inherited) @executable_path/../Frameworks @loader_path/../Frameworks";
				PRODUCT_NAME = "$(TARGET_NAME)";
				WRAPPER_EXTENSION = saver;
			};
			name = Release;
		};
/* End XCBuildConfiguration section */

/* Begin XCConfigurationList section */
		03A485121B644145008A2D6A /* Build configuration list for PBXProject "SwiftCircle" */ = {
			isa = XCConfigurationList;
			buildConfigurations = (
				03A485211B644145008A2D6A /* Debug */,
				03A485221B644145008A2D6A /* Release */,
			);
			defaultConfigurationIsVisible = 0;
			defaultConfigurationName = Release;
		};
		03A485231B644145008A2D6A /* Build configuration list for PBXNativeTarget "SwiftCircle" */ = {
			isa = XCConfigurationList;
			buildConfigurations = (
				03A485241B644145008A2D6A /* Debug */,
				03A485251B644145008A2D6A /* Release */,
			);
			defaultConfigurationIsVisible = 0;
			defaultConfigurationName = Release;
		};
/* End XCConfigurationList section */
	};
	rootObject = 03A4850F1B644145008A2D6A /* Project object */;
}
